
Microsoft Visual Studio Solution File, Format Version 12.00
# Visual Studio Version 17
VisualStudioVersion = 17.7.34202.233
MinimumVisualStudioVersion = 10.0.40219.1
Project("{FAE04EC0-301F-11D3-BF4B-00C04F79EFBC}") = "odev", "odev.csproj", "{A93BD969-848E-4E92-BCAF-AF399302FB74}"
EndProject
Global
	GlobalSection(SolutionConfigurationPlatforms) = preSolution
		Debug|Any CPU = Debug|Any CPU
		Release|Any CPU = Release|Any CPU
	EndGlobalSection
	GlobalSection(ProjectConfigurationPlatforms) = postSolution
		{A93BD969-848E-4E92-BCAF-AF399302FB74}.Debug|Any CPU.ActiveCfg = Debug|Any CPU
		{A93BD969-848E-4E92-BCAF-AF399302FB74}.Debug|Any CPU.Build.0 = Debug|Any CPU
		{A93BD969-848E-4E92-BCAF-AF399302FB74}.Release|Any CPU.ActiveCfg = Release|Any CPU
		{A93BD969-848E-4E92-BCAF-AF399302FB74}.Release|Any CPU.Build.0 = Release|Any CPU
	EndGlobalSection
	GlobalSection(SolutionProperties) = preSolution
		HideSolutionNode = FALSE
	EndGlobalSection
	GlobalSection(ExtensibilityGlobals) = postSolution
		SolutionGuid = {5580C5B2-B315-4936-B3B8-758D8157DE38}
	EndGlobalSection
EndGlobal
